<?xml version="1.0" encoding="utf-8"?>
<Project ToolsVersion="4.0" xmlns="http://schemas.microsoft.com/developer/msbuild/2003">
  <ItemGroup>
    <Filter Include="Source Files">
      <UniqueIdentifier>{4FC737F1-C7A5-4376-A066-2A32D752A2FF}</UniqueIdentifier>
      <Extensions>cpp;c;cc;cxx;c++;cppm;ixx;def;odl;idl;hpj;bat;asm;asmx</Extensions>
    </Filter>
    <Filter Include="Header Files">
      <UniqueIdentifier>{93995380-89BD-4b04-88EB-625FBE52EBFB}</UniqueIdentifier>
      <Extensions>h;hh;hpp;hxx;h++;hm;inl;inc;ipp;xsd</Extensions>
    </Filter>
    <Filter Include="Resource Files">
      <UniqueIdentifier>{67DA6AB6-F800-4c08-8B7A-83BB121AAD01}</UniqueIdentifier>
      <Extensions>rc;ico;cur;bmp;dlg;rc2;rct;bin;rgs;gif;jpg;jpeg;jpe;resx;tiff;tif;png;wav;mfcribbon-ms</Extensions>
    </Filter>
    <Filter Include="Cor">
      <UniqueIdentifier>{b0623e31-edde-42f2-90ce-6f5af27d979c}</UniqueIdentifier>
    </Filter>
    <Filter Include="Lib">
      <UniqueIdentifier>{c4821266-1d30-43c1-ae45-18181b1cd2a0}</UniqueIdentifier>
    </Filter>
    <Filter Include="Screens">
      <UniqueIdentifier>{51be5cde-6a73-42c6-a975-32e2b3c36a93}</UniqueIdentifier>
    </Filter>
    <Filter Include="Screens\Client">
      <UniqueIdentifier>{663a4beb-52e0-4f3c-bfc3-ba2d18c55bbb}</UniqueIdentifier>
    </Filter>
    <Filter Include="Screens\Currencies">
      <UniqueIdentifier>{9566cb49-6910-4c15-a813-aded4bf38b40}</UniqueIdentifier>
    </Filter>
    <Filter Include="Screens\User">
      <UniqueIdentifier>{290360b8-8179-47da-840f-ceafcc2477b4}</UniqueIdentifier>
    </Filter>
  </ItemGroup>
  <ItemGroup>
    <ClCompile Include="ConsoleApplication1.cpp">
      <Filter>Source Files</Filter>
    </ClCompile>
  </ItemGroup>
  <ItemGroup>
    <ClInclude Include="clsMainScreen.h">
      <Filter>Header Files</Filter>
    </ClInclude>
    <ClInclude Include="clsScreen.h">
      <Filter>Header Files</Filter>
    </ClInclude>
    <ClInclude Include="Global.h">
      <Filter>Header Files</Filter>
    </ClInclude>
    <ClInclude Include="clsBankClient.h">
      <Filter>Cor</Filter>
    </ClInclude>
    <ClInclude Include="clsCurrency.h">
      <Filter>Cor</Filter>
    </ClInclude>
    <ClInclude Include="clsPerson.h">
      <Filter>Cor</Filter>
    </ClInclude>
    <ClInclude Include="clsUser.h">
      <Filter>Cor</Filter>
    </ClInclude>
    <ClInclude Include="clsUtil.h">
      <Filter>Lib</Filter>
    </ClInclude>
    <ClInclude Include="clsDate.h">
      <Filter>Lib</Filter>
    </ClInclude>
    <ClInclude Include="clsString.h">
      <Filter>Lib</Filter>
    </ClInclude>
    <ClInclude Include="clsInputValidate.h">
      <Filter>Lib</Filter>
    </ClInclude>
    <ClInclude Include="clsDeleteClientScreen.h">
      <Filter>Screens\Client</Filter>
    </ClInclude>
    <ClInclude Include="clsAddNewClientScreen.h">
      <Filter>Screens\Client</Filter>
    </ClInclude>
    <ClInclude Include="clsClientListScreen.h">
      <Filter>Screens\Client</Filter>
    </ClInclude>
    <ClInclude Include="clsFindClientScreen.h">
      <Filter>Screens\Client</Filter>
    </ClInclude>
    <ClInclude Include="clsUpdateClientScreen.h">
      <Filter>Screens\Client</Filter>
    </ClInclude>
    <ClInclude Include="clsDepositScreen.h">
      <Filter>Screens\Client</Filter>
    </ClInclude>
    <ClInclude Include="clsTotalBalancesScreen.h">
      <Filter>Screens\Client</Filter>
    </ClInclude>
    <ClInclude Include="clsTransactionsScreen.h">
      <Filter>Screens\Client</Filter>
    </ClInclude>
    <ClInclude Include="clsTransferLogScreen.h">
      <Filter>Screens\Client</Filter>
    </ClInclude>
    <ClInclude Include="clsTransferScreen.h">
      <Filter>Screens\Client</Filter>
    </ClInclude>
    <ClInclude Include="clsWithdrawScreen.h">
      <Filter>Screens\Client</Filter>
    </ClInclude>
    <ClInclude Include="clsCurrencyCalculatorScreen.h">
      <Filter>Screens\Currencies</Filter>
    </ClInclude>
    <ClInclude Include="clsCurrenciesListScreen.h">
      <Filter>Screens\Currencies</Filter>
    </ClInclude>
    <ClInclude Include="clsCurrencyExchangeMainScreen.h">
      <Filter>Screens\Currencies</Filter>
    </ClInclude>
    <ClInclude Include="clsFindCurrencyScreen.h">
      <Filter>Screens\Currencies</Filter>
    </ClInclude>
    <ClInclude Include="clsUpdateCurrencyRateScreen.h">
      <Filter>Screens\Currencies</Filter>
    </ClInclude>
    <ClInclude Include="clsAddNewUserScreen.h">
      <Filter>Screens\User</Filter>
    </ClInclude>
    <ClInclude Include="clsDeleteUserScreen.h">
      <Filter>Screens\User</Filter>
    </ClInclude>
    <ClInclude Include="clsFindUserScreen.h">
      <Filter>Screens\User</Filter>
    </ClInclude>
    <ClInclude Include="clsListUsersScreen.h">
      <Filter>Screens\User</Filter>
    </ClInclude>
    <ClInclude Include="clsManageUsersScreen.h">
      <Filter>Screens\User</Filter>
    </ClInclude>
    <ClInclude Include="clsUpdateUserScreen.h">
      <Filter>Screens\User</Filter>
    </ClInclude>
    <ClInclude Include="clsUsersListScreen.h">
      <Filter>Screens\User</Filter>
    </ClInclude>
    <ClInclude Include="clsLoginScreen.h">
      <Filter>Screens\User</Filter>
    </ClInclude>
    <ClInclude Include="clsLoginRegisterScreen.h">
      <Filter>Screens\User</Filter>
    </ClInclude>
  </ItemGroup>
</Project>